
Microsoft Visual Studio Solution File, Format Version 12.00
# Visual Studio Version 17
VisualStudioVersion = 17.1.32228.430
MinimumVisualStudioVersion = 10.0.40219.1
Project("{FAE04EC0-301F-11D3-BF4B-00C04F79EFBC}") = "botok", "botok\botok.csproj", "{7F27CC8B-3A94-4A2C-BD50-26C11FC141C3}"
EndProject
Global
	GlobalSection(SolutionConfigurationPlatforms) = preSolution
		Debug|Any CPU = Debug|Any CPU
		Release|Any CPU = Release|Any CPU
	EndGlobalSection
	GlobalSection(ProjectConfigurationPlatforms) = postSolution
		{7F27CC8B-3A94-4A2C-BD50-26C11FC141C3}.Debug|Any CPU.ActiveCfg = Debug|Any CPU
		{7F27CC8B-3A94-4A2C-BD50-26C11FC141C3}.Debug|Any CPU.Build.0 = Debug|Any CPU
		{7F27CC8B-3A94-4A2C-BD50-26C11FC141C3}.Release|Any CPU.ActiveCfg = Release|Any CPU
		{7F27CC8B-3A94-4A2C-BD50-26C11FC141C3}.Release|Any CPU.Build.0 = Release|Any CPU
	EndGlobalSection
	GlobalSection(SolutionProperties) = preSolution
		HideSolutionNode = FALSE
	EndGlobalSection
	GlobalSection(ExtensibilityGlobals) = postSolution
		SolutionGuid = {8797BE27-B1EF-4BAE-A711-F7953C33FA21}
	EndGlobalSection
EndGlobal
